{
    "_readme": [
        "This file locks the dependencies of your project to a known state",
        "Read more about it at https://getcomposer.org/doc/01-basic-usage.md#installing-dependencies",
        "This file is @generated automatically"
    ],
    "content-hash": "17eb3f53109327d8f7ce2a936e8df2c9",
    "packages": [],
    "packages-dev": [],
    "aliases": [],
    "minimum-stability": "stable",
    "stability-flags": {},
    "prefer-stable": false,
    "prefer-lowest": false,
    "platform": {
        "php": ">=8.3",
        "ext-pdo": "*",
        "ext-pdo_mysql": "*",
        "ext-mysqli": "*"
    },
    "platform-dev": {},
    "plugin-api-version": "2.9.0"
}
